PODS:
  - Flutter (1.0.0)
  - flutter_screen_recorder (0.0.1):
    - Flutter

DEPENDENCIES:
  - Flutter (from `.symlinks/flutter/ios`)
  - flutter_screen_recorder (from `.symlinks/plugins/flutter_screen_recorder/ios`)

EXTERNAL SOURCES:
  Flutter:
    :path: ".symlinks/flutter/ios"
  flutter_screen_recorder:
    :path: ".symlinks/plugins/flutter_screen_recorder/ios"

SPEC CHECKSUMS:
  Flutter: 58dd7d1b27887414a370fcccb9e645c08ffd7a6a
  flutter_screen_recorder: 4b8e48663c521a0050767b0ef00f1b8575f4bb36

PODFILE CHECKSUM: aff02bfeed411c636180d6812254b2daeea14d09

COCOAPODS: 1.7.1
